// !$*UTF8*$!
{
	archiveVersion = 1;
	classes = {
	};
	objectVersion = 50;
	objects = {

/* Begin PBXBuildFile section */
		184C25B62408FB83006A75B2 /* button_08.mp3 in Resources */ = {isa = PBXBuildFile; fileRef = 184C25B52408FB83006A75B2 /* button_08.mp3 */; };
		184C25B8240908C3006A75B2 /* track010_scramble_ver2.mp3 in Resources */ = {isa = PBXBuildFile; fileRef = 184C25B7240908C3006A75B2 /* track010_scramble_ver2.mp3 */; };
		184C25BA2409F74A006A75B2 /* button_10.mp3 in Resources */ = {isa = PBXBuildFile; fileRef = 184C25B92409F74A006A75B2 /* button_10.mp3 */; };
		184C25BD2409F75F006A75B2 /* AVFoundation.framework in Frameworks */ = {isa = PBXBuildFile; fileRef = 184C25BC2409F75F006A75B2 /* AVFoundation.framework */; };
		184CB85523FE1C8100123509 /* AppDelegate.swift in Sources */ = {isa = PBXBuildFile; fileRef = 184CB85423FE1C8100123509 /* AppDelegate.swift */; };
		184CB85723FE1C8100123509 /* SceneDelegate.swift in Sources */ = {isa = PBXBuildFile; fileRef = 184CB85623FE1C8100123509 /* SceneDelegate.swift */; };
		184CB85923FE1C8100123509 /* ViewController.swift in Sources */ = {isa = PBXBuildFile; fileRef = 184CB85823FE1C8100123509 /* ViewController.swift */; };
		184CB85C23FE1C8100123509 /* Main.storyboard in Resources */ = {isa = PBXBuildFile; fileRef = 184CB85A23FE1C8100123509 /* Main.storyboard */; };
		184CB85E23FE1C8200123509 /* Assets.xcassets in Resources */ = {isa = PBXBuildFile; fileRef = 184CB85D23FE1C8200123509 /* Assets.xcassets */; };
		184CB86123FE1C8200123509 /* LaunchScreen.storyboard in Resources */ = {isa = PBXBuildFile; fileRef = 184CB85F23FE1C8200123509 /* LaunchScreen.storyboard */; };
		184CB86923FE357300123509 /* GameScene.swift in Sources */ = {isa = PBXBuildFile; fileRef = 184CB86823FE357300123509 /* GameScene.swift */; };
/* End PBXBuildFile section */

/* Begin PBXFileReference section */
		184C25B52408FB83006A75B2 /* button_08.mp3 */ = {isa = PBXFileReference; lastKnownFileType = audio.mp3; path = button_08.mp3; sourceTree = "<group>"; };
		184C25B7240908C3006A75B2 /* track010_scramble_ver2.mp3 */ = {isa = PBXFileReference; lastKnownFileType = audio.mp3; path = track010_scramble_ver2.mp3; sourceTree = "<group>"; };
		184C25B92409F74A006A75B2 /* button_10.mp3 */ = {isa = PBXFileReference; lastKnownFileType = audio.mp3; path = button_10.mp3; sourceTree = "<group>"; };
		184C25BC2409F75F006A75B2 /* AVFoundation.framework */ = {isa = PBXFileReference; lastKnownFileType = wrapper.framework; name = AVFoundation.framework; path = System/Library/Frameworks/AVFoundation.framework; sourceTree = SDKROOT; };
		184CB85123FE1C8100123509 /* FlappyBird2.app */ = {isa = PBXFileReference; explicitFileType = wrapper.application; includeInIndex = 0; path = FlappyBird2.app; sourceTree = BUILT_PRODUCTS_DIR; };
		184CB85423FE1C8100123509 /* AppDelegate.swift */ = {isa = PBXFileReference; lastKnownFileType = sourcecode.swift; path = AppDelegate.swift; sourceTree = "<group>"; };
		184CB85623FE1C8100123509 /* SceneDelegate.swift */ = {isa = PBXFileReference; lastKnownFileType = sourcecode.swift; path = SceneDelegate.swift; sourceTree = "<group>"; };
		184CB85823FE1C8100123509 /* ViewController.swift */ = {isa = PBXFileReference; lastKnownFileType = sourcecode.swift; path = ViewController.swift; sourceTree = "<group>"; };
		184CB85B23FE1C8100123509 /* Base */ = {isa = PBXFileReference; lastKnownFileType = file.storyboard; name = Base; path = Base.lproj/Main.storyboard; sourceTree = "<group>"; };
		184CB85D23FE1C8200123509 /* Assets.xcassets */ = {isa = PBXFileReference; lastKnownFileType = folder.assetcatalog; path = Assets.xcassets; sourceTree = "<group>"; };
		184CB86023FE1C8200123509 /* Base */ = {isa = PBXFileReference; lastKnownFileType = file.storyboard; name = Base; path = Base.lproj/LaunchScreen.storyboard; sourceTree = "<group>"; };
		184CB86223FE1C8200123509 /* Info.plist */ = {isa = PBXFileReference; lastKnownFileType = text.plist.xml; path = Info.plist; sourceTree = "<group>"; };
		184CB86823FE357300123509 /* GameScene.swift */ = {isa = PBXFileReference; lastKnownFileType = sourcecode.swift; path = GameScene.swift; sourceTree = "<group>"; };
/* End PBXFileReference section */

/* Begin PBXFrameworksBuildPhase section */
		184CB84E23FE1C8100123509 /* Frameworks */ = {
			isa = PBXFrameworksBuildPhase;
			buildActionMask = 2147483647;
			files = (
				184C25BD2409F75F006A75B2 /* AVFoundation.framework in Frameworks */,
			);
			runOnlyForDeploymentPostprocessing = 0;
		};
/* End PBXFrameworksBuildPhase section */

/* Begin PBXGroup section */
		184C25B42408F7A3006A75B2 /* sound */ = {
			isa = PBXGroup;
			children = (
			);
			path = sound;
			sourceTree = "<group>";
		};
		184C25BB2409F75E006A75B2 /* Frameworks */ = {
			isa = PBXGroup;
			children = (
				184C25BC2409F75F006A75B2 /* AVFoundation.framework */,
			);
			name = Frameworks;
			sourceTree = "<group>";
		};
		184CB84823FE1C8100123509 = {
			isa = PBXGroup;
			children = (
				184CB85323FE1C8100123509 /* FlappyBird2 */,
				184CB85223FE1C8100123509 /* Products */,
				184C25BB2409F75E006A75B2 /* Frameworks */,
			);
			sourceTree = "<group>";
		};
		184CB85223FE1C8100123509 /* Products */ = {
			isa = PBXGroup;
			children = (
				184CB85123FE1C8100123509 /* FlappyBird2.app */,
			);
			name = Products;
			sourceTree = "<group>";
		};
		184CB85323FE1C8100123509 /* FlappyBird2 */ = {
			isa = PBXGroup;
			children = (
				184CB85423FE1C8100123509 /* AppDelegate.swift */,
				184CB85623FE1C8100123509 /* SceneDelegate.swift */,
				184CB85823FE1C8100123509 /* ViewController.swift */,
				184CB86823FE357300123509 /* GameScene.swift */,
				184C25B52408FB83006A75B2 /* button_08.mp3 */,
				184C25B7240908C3006A75B2 /* track010_scramble_ver2.mp3 */,
				184C25B92409F74A006A75B2 /* button_10.mp3 */,
				184CB85A23FE1C8100123509 /* Main.storyboard */,
				184CB85D23FE1C8200123509 /* Assets.xcassets */,
				184C25B42408F7A3006A75B2 /* sound */,
				184CB85F23FE1C8200123509 /* LaunchScreen.storyboard */,
				184CB86223FE1C8200123509 /* Info.plist */,
			);
			path = FlappyBird2;
			sourceTree = "<group>";
		};
/* End PBXGroup section */

/* Begin PBXNativeTarget section */
		184CB85023FE1C8100123509 /* FlappyBird2 */ = {
			isa = PBXNativeTarget;
			buildConfigurationList = 184CB86523FE1C8200123509 /* Build configuration list for PBXNativeTarget "FlappyBird2" */;
			buildPhases = (
				184CB84D23FE1C8100123509 /* Sources */,
				184CB84E23FE1C8100123509 /* Frameworks */,
				184CB84F23FE1C8100123509 /* Resources */,
			);
			buildRules = (
			);
			dependencies = (
			);
			name = FlappyBird2;
			productName = FlappyBird2;
			productReference = 184CB85123FE1C8100123509 /* FlappyBird2.app */;
			productType = "com.apple.product-type.application";
		};
/* End PBXNativeTarget section */

/* Begin PBXProject section */
		184CB84923FE1C8100123509 /* Project object */ = {
			isa = PBXProject;
			attributes = {
				LastSwiftUpdateCheck = 1110;
				LastUpgradeCheck = 1110;
				ORGANIZATIONNAME = ryotaro.tsuji;
				TargetAttributes = {
					184CB85023FE1C8100123509 = {
						CreatedOnToolsVersion = 11.1;
					};
				};
			};
			buildConfigurationList = 184CB84C23FE1C8100123509 /* Build configuration list for PBXProject "FlappyBird2" */;
			compatibilityVersion = "Xcode 9.3";
			developmentRegion = en;
			hasScannedForEncodings = 0;
			knownRegions = (
				en,
				Base,
			);
			mainGroup = 184CB84823FE1C8100123509;
			productRefGroup = 184CB85223FE1C8100123509 /* Products */;
			projectDirPath = "";
			projectRoot = "";
			targets = (
				184CB85023FE1C8100123509 /* FlappyBird2 */,
			);
		};
/* End PBXProject section */

/* Begin PBXResourcesBuildPhase section */
		184CB84F23FE1C8100123509 /* Resources */ = {
			isa = PBXResourcesBuildPhase;
			buildActionMask = 2147483647;
			files = (
				184CB86123FE1C8200123509 /* LaunchScreen.storyboard in Resources */,
				184C25BA2409F74A006A75B2 /* button_10.mp3 in Resources */,
				184CB85E23FE1C8200123509 /* Assets.xcassets in Resources */,
				184C25B62408FB83006A75B2 /* button_08.mp3 in Resources */,
				184CB85C23FE1C8100123509 /* Main.storyboard in Resources */,
				184C25B8240908C3006A75B2 /* track010_scramble_ver2.mp3 in Resources */,
			);
			runOnlyForDeploymentPostprocessing = 0;
		};
/* End PBXResourcesBuildPhase section */

/* Begin PBXSourcesBuildPhase section */
		184CB84D23FE1C8100123509 /* Sources */ = {
			isa = PBXSourcesBuildPhase;
			buildActionMask = 2147483647;
			files = (
				184CB85923FE1C8100123509 /* ViewController.swift in Sources */,
				184CB85523FE1C8100123509 /* AppDelegate.swift in Sources */,
				184CB85723FE1C8100123509 /* SceneDelegate.swift in Sources */,
				184CB86923FE357300123509 /* GameScene.swift in Sources */,
			);
			runOnlyForDeploymentPostprocessing = 0;
		};
/* End PBXSourcesBuildPhase section */

/* Begin PBXVariantGroup section */
		184CB85A23FE1C8100123509 /* Main.storyboard */ = {
			isa = PBXVariantGroup;
			children = (
				184CB85B23FE1C8100123509 /* Base */,
			);
			name = Main.storyboard;
			sourceTree = "<group>";
		};
		184CB85F23FE1C8200123509 /* LaunchScreen.storyboard */ = {
			isa = PBXVariantGroup;
			children = (
				184CB86023FE1C8200123509 /* Base */,
			);
			name = LaunchScreen.storyboard;
			sourceTree = "<group>";
		};
/* End PBXVariantGroup section */

/* Begin XCBuildConfiguration section */
		184CB86323FE1C8200123509 /* Debug */ = {
			isa = XCBuildConfiguration;
			buildSettings = {
				ALWAYS_SEARCH_USER_PATHS = NO;
				CLANG_ANALYZER_NONNULL = YES;
				CLANG_ANALYZER_NUMBER_OBJECT_CONVERSION = YES_AGGRESSIVE;
				CLANG_CXX_LANGUAGE_STANDARD = "gnu++14";
				CLANG_CXX_LIBRARY = "libc++";
				CLANG_ENABLE_MODULES = YES;
				CLANG_ENABLE_OBJC_ARC = YES;
				CLANG_ENABLE_OBJC_WEAK = YES;
				CLANG_WARN_BLOCK_CAPTURE_AUTORELEASING = YES;
				CLANG_WARN_BOOL_CONVERSION = YES;
				CLANG_WARN_COMMA = YES;
				CLANG_WARN_CONSTANT_CONVERSION = YES;
				CLANG_WARN_DEPRECATED_OBJC_IMPLEMENTATIONS = YES;
				CLANG_WARN_DIRECT_OBJC_ISA_USAGE = YES_ERROR;
				CLANG_WARN_DOCUMENTATION_COMMENTS = YES;
				CLANG_WARN_EMPTY_BODY = YES;
				CLANG_WARN_ENUM_CONVERSION = YES;
				CLANG_WARN_INFINITE_RECURSION = YES;
				CLANG_WARN_INT_CONVERSION = YES;
				CLANG_WARN_NON_LITERAL_NULL_CONVERSION = YES;
				CLANG_WARN_OBJC_IMPLICIT_RETAIN_SELF = YES;
				CLANG_WARN_OBJC_LITERAL_CONVERSION = YES;
				CLANG_WARN_OBJC_ROOT_CLASS = YES_ERROR;
				CLANG_WARN_RANGE_LOOP_ANALYSIS = YES;
				CLANG_WARN_STRICT_PROTOTYPES = YES;
				CLANG_WARN_SUSPICIOUS_MOVE = YES;
				CLANG_WARN_UNGUARDED_AVAILABILITY = YES_AGGRESSIVE;
				CLANG_WARN_UNREACHABLE_CODE = YES;
				CLANG_WARN__DUPLICATE_METHOD_MATCH = YES;
				COPY_PHASE_STRIP = NO;
				DEBUG_INFORMATION_FORMAT = dwarf;
				ENABLE_STRICT_OBJC_MSGSEND = YES;
				ENABLE_TESTABILITY = YES;
				GCC_C_LANGUAGE_STANDARD = gnu11;
				GCC_DYNAMIC_NO_PIC = NO;
				GCC_NO_COMMON_BLOCKS = YES;
				GCC_OPTIMIZATION_LEVEL = 0;
				GCC_PREPROCESSOR_DEFINITIONS = (
					"DEBUG=1",
					"$(inherited)",
				);
				GCC_WARN_64_TO_32_BIT_CONVERSION = YES;
				GCC_WARN_ABOUT_RETURN_TYPE = YES_ERROR;
				GCC_WARN_UNDECLARED_SELECTOR = YES;
				GCC_WARN_UNINITIALIZED_AUTOS = YES_AGGRESSIVE;
				GCC_WARN_UNUSED_FUNCTION = YES;
				GCC_WARN_UNUSED_VARIABLE = YES;
				IPHONEOS_DEPLOYMENT_TARGET = 13.1;
				MTL_ENABLE_DEBUG_INFO = INCLUDE_SOURCE;
				MTL_FAST_MATH = YES;
				ONLY_ACTIVE_ARCH = YES;
				SDKROOT = iphoneos;
				SWIFT_ACTIVE_COMPILATION_CONDITIONS = DEBUG;
				SWIFT_OPTIMIZATION_LEVEL = "-Onone";
			};
			name = Debug;
		};
		184CB86423FE1C8200123509 /* Release */ = {
			isa = XCBuildConfiguration;
			buildSettings = {
				ALWAYS_SEARCH_USER_PATHS = NO;
				CLANG_ANALYZER_NONNULL = YES;
				CLANG_ANALYZER_NUMBER_OBJECT_CONVERSION = YES_AGGRESSIVE;
				CLANG_CXX_LANGUAGE_STANDARD = "gnu++14";
				CLANG_CXX_LIBRARY = "libc++";
				CLANG_ENABLE_MODULES = YES;
				CLANG_ENABLE_OBJC_ARC = YES;
				CLANG_ENABLE_OBJC_WEAK = YES;
				CLANG_WARN_BLOCK_CAPTURE_AUTORELEASING = YES;
				CLANG_WARN_BOOL_CONVERSION = YES;
				CLANG_WARN_COMMA = YES;
				CLANG_WARN_CONSTANT_CONVERSION = YES;
				CLANG_WARN_DEPRECATED_OBJC_IMPLEMENTATIONS = YES;
				CLANG_WARN_DIRECT_OBJC_ISA_USAGE = YES_ERROR;
				CLANG_WARN_DOCUMENTATION_COMMENTS = YES;
				CLANG_WARN_EMPTY_BODY = YES;
				CLANG_WARN_ENUM_CONVERSION = YES;
				CLANG_WARN_INFINITE_RECURSION = YES;
				CLANG_WARN_INT_CONVERSION = YES;
				CLANG_WARN_NON_LITERAL_NULL_CONVERSION = YES;
				CLANG_WARN_OBJC_IMPLICIT_RETAIN_SELF = YES;
				CLANG_WARN_OBJC_LITERAL_CONVERSION = YES;
				CLANG_WARN_OBJC_ROOT_CLASS = YES_ERROR;
				CLANG_WARN_RANGE_LOOP_ANALYSIS = YES;
				CLANG_WARN_STRICT_PROTOTYPES = YES;
				CLANG_WARN_SUSPICIOUS_MOVE = YES;
				CLANG_WARN_UNGUARDED_AVAILABILITY = YES_AGGRESSIVE;
				CLANG_WARN_UNREACHABLE_CODE = YES;
				CLANG_WARN__DUPLICATE_METHOD_MATCH = YES;
				COPY_PHASE_STRIP = NO;
				DEBUG_INFORMATION_FORMAT = "dwarf-with-dsym";
				ENABLE_NS_ASSERTIONS = NO;
				ENABLE_STRICT_OBJC_MSGSEND = YES;
				GCC_C_LANGUAGE_STANDARD = gnu11;
				GCC_NO_COMMON_BLOCKS = YES;
				GCC_WARN_64_TO_32_BIT_CONVERSION = YES;
				GCC_WARN_ABOUT_RETURN_TYPE = YES_ERROR;
				GCC_WARN_UNDECLARED_SELECTOR = YES;
				GCC_WARN_UNINITIALIZED_AUTOS = YES_AGGRESSIVE;
				GCC_WARN_UNUSED_FUNCTION = YES;
				GCC_WARN_UNUSED_VARIABLE = YES;
				IPHONEOS_DEPLOYMENT_TARGET = 13.1;
				MTL_ENABLE_DEBUG_INFO = NO;
				MTL_FAST_MATH = YES;
				SDKROOT = iphoneos;
				SWIFT_COMPILATION_MODE = wholemodule;
				SWIFT_OPTIMIZATION_LEVEL = "-O";
				VALIDATE_PRODUCT = YES;
			};
			name = Release;
		};
		184CB86623FE1C8200123509 /* Debug */ = {
			isa = XCBuildConfiguration;
			buildSettings = {
				ASSETCATALOG_COMPILER_APPICON_NAME = AppIcon;
				CODE_SIGN_STYLE = Automatic;
				DEVELOPMENT_TEAM = MQ3PXRJDU7;
				INFOPLIST_FILE = FlappyBird2/Info.plist;
				LD_RUNPATH_SEARCH_PATHS = (
					"$(inherited)",
					"@executable_path/Frameworks",
				);
				PRODUCT_BUNDLE_IDENTIFIER = jp.techacademy.ryotaro.tsuji.FlappyBird2;
				PRODUCT_NAME = "$(TARGET_NAME)";
				SWIFT_VERSION = 5.0;
				TARGETED_DEVICE_FAMILY = 1;
			};
			name = Debug;
		};
		184CB86723FE1C8200123509 /* Release */ = {
			isa = XCBuildConfiguration;
			buildSettings = {
				ASSETCATALOG_COMPILER_APPICON_NAME = AppIcon;
				CODE_SIGN_STYLE = Automatic;
				DEVELOPMENT_TEAM = MQ3PXRJDU7;
				INFOPLIST_FILE = FlappyBird2/Info.plist;
				LD_RUNPATH_SEARCH_PATHS = (
					"$(inherited)",
					"@executable_path/Frameworks",
				);
				PRODUCT_BUNDLE_IDENTIFIER = jp.techacademy.ryotaro.tsuji.FlappyBird2;
				PRODUCT_NAME = "$(TARGET_NAME)";
				SWIFT_VERSION = 5.0;
				TARGETED_DEVICE_FAMILY = 1;
			};
			name = Release;
		};
/* End XCBuildConfiguration section */

/* Begin XCConfigurationList section */
		184CB84C23FE1C8100123509 /* Build configuration list for PBXProject "FlappyBird2" */ = {
			isa = XCConfigurationList;
			buildConfigurations = (
				184CB86323FE1C8200123509 /* Debug */,
				184CB86423FE1C8200123509 /* Release */,
			);
			defaultConfigurationIsVisible = 0;
			defaultConfigurationName = Release;
		};
		184CB86523FE1C8200123509 /* Build configuration list for PBXNativeTarget "FlappyBird2" */ = {
			isa = XCConfigurationList;
			buildConfigurations = (
				184CB86623FE1C8200123509 /* Debug */,
				184CB86723FE1C8200123509 /* Release */,
			);
			defaultConfigurationIsVisible = 0;
			defaultConfigurationName = Release;
		};
/* End XCConfigurationList section */
	};
	rootObject = 184CB84923FE1C8100123509 /* Project object */;
}
